// !$*UTF8*$!
{
 archiveVersion = 1;
 classes = {};
 objectVersion = 60;
 objects = {
  1BF8D7E00A524633B2FD9103 = {isa = PBXFileReference; lastKnownFileType = sourcecode.swift; path = "Desktop/MidokuTests/AidokuBackupIntegrationTests.swift"; sourceTree = SOURCE_ROOT;};
  1BF8D7E00A524633B2FD9104 = {isa = PBXBuildFile; fileRef = 1BF8D7E00A524633B2FD9103;};
  1BF8D7E00A524633B2FD9101 = {isa = PBXFileReference; lastKnownFileType = sourcecode.swift; path = "Desktop/Midoku/AidokuBackupImport.swift"; sourceTree = SOURCE_ROOT;};
  1BF8D7E00A524633B2FD9102 = {isa = PBXBuildFile; fileRef = 1BF8D7E00A524633B2FD9101;};
  68D8B711DA13D53A9C5A84A3 = {isa = PBXFileReference; lastKnownFileType = sourcecode.swift; path = "Desktop/Midoku/SourceCredentials.swift"; sourceTree = SOURCE_ROOT;};
  F023AD66DE779CD0E8B6646C = {isa = PBXBuildFile; fileRef = 68D8B711DA13D53A9C5A84A3;};
  DA2665703B9BE922BBF63B62 = {isa = PBXBuildFile; productRef = 6418DC3C3F25CA6B65BAD4C9;};
  6418DC3C3F25CA6B65BAD4C9 = {isa = XCSwiftPackageProductDependency; package = 15B2CF2BFEA0478D8503F80C; productName = AidokuRunner;};
  04B0D7F2A65EC1E340B29BDA = {isa = PBXBuildFile; productRef = A576E069267FF1D0FF5D4400;};
  A576E069267FF1D0FF5D4400 = {isa = XCSwiftPackageProductDependency; package = 15B2CF2BFEA0478D8503F80C; productName = AidokuRunner;};
  15B2CF2BFEA0478D8503F80C = {isa = XCRemoteSwiftPackageReference; repositoryURL = "https://github.com/Aidoku/AidokuRunner"; requirement = {kind = revision; revision = cc4d06ff399e7169b9c647bccede7cb29bc805c6;};};
  C51BFCC95D5D30303B32EBEF = {isa = PBXBuildFile; fileRef = 3AECC33A7DE897E38C7B7A69;};
  3AECC33A7DE897E38C7B7A69 = {isa = PBXFileReference; lastKnownFileType = sourcecode.swift; path = "Desktop/MidokuTests/SourceIntegrationTests.swift"; sourceTree = SOURCE_ROOT;};
  D2FD7E363CF9B1869F8294DA = {isa = PBXBuildFile; fileRef = 6147D681B3777235D2F17039;};
  6147D681B3777235D2F17039 = {isa = PBXFileReference; lastKnownFileType = sourcecode.swift; path = "Desktop/Midoku/SourceWebsite.swift"; sourceTree = SOURCE_ROOT;};
  026AF76603C871B40F185268 = {isa = PBXBuildFile; fileRef = 2A3BB401697D39414A3A320E;};
  2A3BB401697D39414A3A320E = {isa = PBXFileReference; lastKnownFileType = sourcecode.swift; path = "Desktop/Midoku/SourceViews.swift"; sourceTree = SOURCE_ROOT;};
  70C8E3F41F98D8EDB3758A1D = {isa = PBXBuildFile; fileRef = 42FC326558E837D84EE23AC0;};
  42FC326558E837D84EE23AC0 = {isa = PBXFileReference; lastKnownFileType = sourcecode.swift; path = "Desktop/Midoku/SourceStore.swift"; sourceTree = SOURCE_ROOT;};
  45F59112196D961DB9857779 = {isa = PBXBuildFile; fileRef = C1DC3498D44754271E2F8224;};
  C1DC3498D44754271E2F8224 = {isa = PBXFileReference; lastKnownFileType = sourcecode.swift; path = "Desktop/Midoku/SourceSettings.swift"; sourceTree = SOURCE_ROOT;};
  FC521765FAD23F53FEAF616B = {isa = PBXBuildFile; fileRef = 44167F922B7295B0E0EE446E;};
  44167F922B7295B0E0EE446E = {isa = PBXFileReference; lastKnownFileType = sourcecode.swift; path = "Desktop/Midoku/SourceService.swift"; sourceTree = SOURCE_ROOT;};
  9267B2DDD49D63243CB769C3 = {isa = PBXBuildFile; fileRef = F90F0B0B9F4CA8DC13732419;};
  F90F0B0B9F4CA8DC13732419 = {isa = PBXFileReference; lastKnownFileType = sourcecode.swift; path = "Desktop/Midoku/SourceHTTP.swift"; sourceTree = SOURCE_ROOT;};
  82CB4A2A2156DAC7BFAF9A6E = {isa = PBXBuildFile; fileRef = 4FB4F55D2A2330EA0E5544A4;};
  4FB4F55D2A2330EA0E5544A4 = {isa = PBXFileReference; lastKnownFileType = sourcecode.swift; path = "Desktop/Midoku/SourceFilters.swift"; sourceTree = SOURCE_ROOT;};
  5013A9D8C5A35A65478671A9 = {isa = PBXBuildFile; fileRef = 85097903EE651858E42942A1;};
  85097903EE651858E42942A1 = {isa = PBXFileReference; lastKnownFileType = sourcecode.swift; path = "Desktop/Midoku/RemotePageCache.swift"; sourceTree = SOURCE_ROOT;};
  C369E624FFA08B3BADF32120 = {isa = PBXBuildFile; fileRef = 821EC2430F9895AAF5864732;};
  821EC2430F9895AAF5864732 = {isa = PBXFileReference; lastKnownFileType = sourcecode.swift; path = "Desktop/Midoku/MangaDetails.swift"; sourceTree = SOURCE_ROOT;};
  A09D95C8DB4196013C235211 = {isa = PBXFileReference; lastKnownFileType = sourcecode.swift; path = "Desktop/Midoku/ComicImporter.swift"; sourceTree = SOURCE_ROOT;};
  51FCB05558B9625A31CF701F = {isa = PBXBuildFile; fileRef = A09D95C8DB4196013C235211;};
  AAF5F1607D28E308244A3D22 = {isa = PBXFileReference; lastKnownFileType = sourcecode.swift; path = "Desktop/Midoku/LibraryStore.swift"; sourceTree = SOURCE_ROOT;};
  51344DC4D48809A97EBDBD7B = {isa = PBXBuildFile; fileRef = AAF5F1607D28E308244A3D22;};
  6465D8412CE0582595D8CCE3 = {isa = PBXFileReference; lastKnownFileType = sourcecode.swift; path = "Desktop/Midoku/LibraryView.swift"; sourceTree = SOURCE_ROOT;};
  83C925475617044E58DE6DE4 = {isa = PBXBuildFile; fileRef = 6465D8412CE0582595D8CCE3;};
  0B5A7570D71A595EFFE6E718 = {isa = PBXFileReference; lastKnownFileType = sourcecode.swift; path = "Desktop/Midoku/MidokuApp.swift"; sourceTree = SOURCE_ROOT;};
  B0DA76204942EFDB3EC5E9CD = {isa = PBXBuildFile; fileRef = 0B5A7570D71A595EFFE6E718;};
  A32D4EEF2BED7BE0F3071322 = {isa = PBXFileReference; lastKnownFileType = sourcecode.swift; path = "Desktop/Midoku/PageImages.swift"; sourceTree = SOURCE_ROOT;};
  73E976B293342F0153BE0467 = {isa = PBXBuildFile; fileRef = A32D4EEF2BED7BE0F3071322;};
  53470EC515EA865ABD660731 = {isa = PBXFileReference; lastKnownFileType = sourcecode.swift; path = "Desktop/Midoku/ReaderCanvas.swift"; sourceTree = SOURCE_ROOT;};
  6887715008BC32C93D683E5D = {isa = PBXBuildFile; fileRef = 53470EC515EA865ABD660731;};
  FF5D33C7C2E7FA6C2750CF80 = {isa = PBXFileReference; lastKnownFileType = sourcecode.swift; path = "Desktop/Midoku/ReaderSession.swift"; sourceTree = SOURCE_ROOT;};
  428B234C0B54C2ED0D4A1DF5 = {isa = PBXBuildFile; fileRef = FF5D33C7C2E7FA6C2750CF80;};
  7E5578144993C2FD52BDD399 = {isa = PBXFileReference; lastKnownFileType = sourcecode.swift; path = "Desktop/Midoku/ReaderView.swift"; sourceTree = SOURCE_ROOT;};
  AA3A593BA2B2B6F07ECCA3B0 = {isa = PBXBuildFile; fileRef = 7E5578144993C2FD52BDD399;};
  C9E778BBB5E7E4FD7355F278 = {isa = PBXFileReference; lastKnownFileType = sourcecode.swift; path = "Desktop/Midoku/ShortcutSettings.swift"; sourceTree = SOURCE_ROOT;};
  14A38AB656326D884F8FECAD = {isa = PBXBuildFile; fileRef = C9E778BBB5E7E4FD7355F278;};
  5E8BB195D6436A154649907E = {isa = PBXFileReference; lastKnownFileType = sourcecode.swift; path = "Desktop/MidokuTests/ImporterTests.swift"; sourceTree = SOURCE_ROOT;};
  F6DBAE48A4970C7C3889257A = {isa = PBXBuildFile; fileRef = 5E8BB195D6436A154649907E;};
  06F7028544C9F1C54396191D = {isa = PBXFileReference; lastKnownFileType = folder.assetcatalog; path = "Desktop/Midoku/Assets.xcassets"; sourceTree = SOURCE_ROOT;};
  B7BE6D4F6890EFE03D5F7676 = {isa = PBXBuildFile; fileRef = 06F7028544C9F1C54396191D;};
  DBAE309E5951B0AFD0A781B5 = {isa = PBXFileReference; lastKnownFileType = text.json.xcstrings; path = "Desktop/Midoku/Localizable.xcstrings"; sourceTree = SOURCE_ROOT;};
  2451F5E7DF3E54D9E6AB0D76 = {isa = PBXBuildFile; fileRef = DBAE309E5951B0AFD0A781B5;};
  B747EAD6A8D7189EE159E1E4 = {isa = XCLocalSwiftPackageReference; relativePath = Desktop/Core;};
  CBE5109C474120094328808A = {isa = XCRemoteSwiftPackageReference; repositoryURL = "https://github.com/weichsel/ZIPFoundation.git"; requirement = {kind = exactVersion; version = 0.9.20;};};
  8D6A224FA1D1DD751157EB0C = {isa = XCSwiftPackageProductDependency; package = B747EAD6A8D7189EE159E1E4; productName = MidokuCore;};
  DA56CE796A5E3989DB4ED1F6 = {isa = XCSwiftPackageProductDependency; package = CBE5109C474120094328808A; productName = ZIPFoundation;};
  E16A97E482663D00B757F690 = {isa = XCSwiftPackageProductDependency; package = B747EAD6A8D7189EE159E1E4; productName = MidokuCore;};
  183CB23C9E02F3590AD4B7D5 = {isa = XCSwiftPackageProductDependency; package = CBE5109C474120094328808A; productName = ZIPFoundation;};
  B4C6087B3134745025A9097B = {isa = PBXBuildFile; productRef = 8D6A224FA1D1DD751157EB0C;};
  87BCF595474307BA6E4C1671 = {isa = PBXBuildFile; productRef = DA56CE796A5E3989DB4ED1F6;};
  ACF644075A8B1406AE303D7C = {isa = PBXBuildFile; productRef = E16A97E482663D00B757F690;};
  E791DA62460599A50062A916 = {isa = PBXBuildFile; productRef = 183CB23C9E02F3590AD4B7D5;};
  949D493B91791558E87BC5D7 = {isa = PBXSourcesBuildPhase; buildActionMask = 2147483647; files = (1BF8D7E00A524633B2FD9102,51FCB05558B9625A31CF701F,51344DC4D48809A97EBDBD7B,83C925475617044E58DE6DE4,B0DA76204942EFDB3EC5E9CD,73E976B293342F0153BE0467,6887715008BC32C93D683E5D,428B234C0B54C2ED0D4A1DF5,AA3A593BA2B2B6F07ECCA3B0,14A38AB656326D884F8FECAD,C369E624FFA08B3BADF32120,5013A9D8C5A35A65478671A9,82CB4A2A2156DAC7BFAF9A6E,9267B2DDD49D63243CB769C3,FC521765FAD23F53FEAF616B,45F59112196D961DB9857779,70C8E3F41F98D8EDB3758A1D,026AF76603C871B40F185268,D2FD7E363CF9B1869F8294DA,F023AD66DE779CD0E8B6646C,); runOnlyForDeploymentPostprocessing = 0;};
  8ECC8B5D05B79F879ACDF1A2 = {isa = PBXResourcesBuildPhase; buildActionMask = 2147483647; files = (B7BE6D4F6890EFE03D5F7676,2451F5E7DF3E54D9E6AB0D76,); runOnlyForDeploymentPostprocessing = 0;};
  BD92572B49AC16A86614498D = {isa = PBXFrameworksBuildPhase; buildActionMask = 2147483647; files = (B4C6087B3134745025A9097B,87BCF595474307BA6E4C1671,04B0D7F2A65EC1E340B29BDA,); runOnlyForDeploymentPostprocessing = 0;};
  77A03FEE20FE96AD9384861E = {isa = PBXSourcesBuildPhase; buildActionMask = 2147483647; files = (1BF8D7E00A524633B2FD9104,F6DBAE48A4970C7C3889257A,C51BFCC95D5D30303B32EBEF,); runOnlyForDeploymentPostprocessing = 0;};
  E05DB79C430AA1B0BA487AFC = {isa = PBXFrameworksBuildPhase; buildActionMask = 2147483647; files = (ACF644075A8B1406AE303D7C,E791DA62460599A50062A916,DA2665703B9BE922BBF63B62,); runOnlyForDeploymentPostprocessing = 0;};
  2D29CDC8D20BBA26C3E9472C = {isa = PBXFileReference; explicitFileType = wrapper.application; path = Midoku.app; sourceTree = BUILT_PRODUCTS_DIR;};
  5D2F0CF079FA6D7BB23F7CA6 = {isa = PBXFileReference; explicitFileType = wrapper.cfbundle; path = MidokuTests.xctest; sourceTree = BUILT_PRODUCTS_DIR;};
  FBDC4F23F93125BBEEAE800C = {isa = PBXGroup; children = (2D29CDC8D20BBA26C3E9472C,5D2F0CF079FA6D7BB23F7CA6,); name = Products; sourceTree = "<group>";};
  870B3294C0CBD48AF6BBCC1B = {isa = PBXGroup; children = (1BF8D7E00A524633B2FD9103,1BF8D7E00A524633B2FD9101,A09D95C8DB4196013C235211,AAF5F1607D28E308244A3D22,6465D8412CE0582595D8CCE3,0B5A7570D71A595EFFE6E718,A32D4EEF2BED7BE0F3071322,53470EC515EA865ABD660731,FF5D33C7C2E7FA6C2750CF80,7E5578144993C2FD52BDD399,C9E778BBB5E7E4FD7355F278,5E8BB195D6436A154649907E,06F7028544C9F1C54396191D,DBAE309E5951B0AFD0A781B5,FBDC4F23F93125BBEEAE800C,821EC2430F9895AAF5864732,85097903EE651858E42942A1,4FB4F55D2A2330EA0E5544A4,F90F0B0B9F4CA8DC13732419,44167F922B7295B0E0EE446E,C1DC3498D44754271E2F8224,42FC326558E837D84EE23AC0,2A3BB401697D39414A3A320E,6147D681B3777235D2F17039,3AECC33A7DE897E38C7B7A69,68D8B711DA13D53A9C5A84A3,); sourceTree = "<group>";};
  ED8772ADEC3A6C25161BC957 = {isa = XCBuildConfiguration; buildSettings = {CLANG_ENABLE_MODULES = "YES"; MACOSX_DEPLOYMENT_TARGET = "14.0"; SDKROOT = "macosx"; ARCHS = arm64; ONLY_ACTIVE_ARCH = YES; SUPPORTED_PLATFORMS = "macosx"; SWIFT_VERSION = "5.0"; SWIFT_STRICT_CONCURRENCY = "complete"; CODE_SIGN_STYLE = "Automatic"; SWIFT_OPTIMIZATION_LEVEL = "-Onone"; DEBUG_INFORMATION_FORMAT = "dwarf"; ENABLE_TESTABILITY = "YES"; SWIFT_ACTIVE_COMPILATION_CONDITIONS = "DEBUG";}; name = Debug;};
  00F209874A1F7309F6DCEAA7 = {isa = XCBuildConfiguration; buildSettings = {CLANG_ENABLE_MODULES = "YES"; MACOSX_DEPLOYMENT_TARGET = "14.0"; SDKROOT = "macosx"; ARCHS = arm64; ONLY_ACTIVE_ARCH = NO; SUPPORTED_PLATFORMS = "macosx"; SWIFT_VERSION = "5.0"; SWIFT_STRICT_CONCURRENCY = "complete"; CODE_SIGN_STYLE = "Automatic"; SWIFT_OPTIMIZATION_LEVEL = "-O"; DEBUG_INFORMATION_FORMAT = "dwarf-with-dsym";}; name = Release;};
  640DC9EFD529235A8D9E2727 = {isa = XCConfigurationList; buildConfigurations = (ED8772ADEC3A6C25161BC957,00F209874A1F7309F6DCEAA7,); defaultConfigurationIsVisible = 0; defaultConfigurationName = Release;};
  F8975E934DA2067E0E497395 = {isa = XCBuildConfiguration; buildSettings = {PRODUCT_NAME = "$(TARGET_NAME)"; PRODUCT_BUNDLE_IDENTIFIER = "app.midoku.desktop"; INFOPLIST_FILE = "Desktop/Midoku/Info.plist"; CODE_SIGN_ENTITLEMENTS = "Desktop/Midoku/Midoku.entitlements"; ENABLE_APP_SANDBOX = "YES"; ENABLE_HARDENED_RUNTIME = "YES"; ASSETCATALOG_COMPILER_APPICON_NAME = "AppIcon"; LD_RUNPATH_SEARCH_PATHS = "$(inherited) @executable_path/../Frameworks"; COMBINE_HIDPI_IMAGES = "YES"; SWIFT_OPTIMIZATION_LEVEL = "-Onone"; DEBUG_INFORMATION_FORMAT = "dwarf"; ENABLE_TESTABILITY = "YES"; SWIFT_ACTIVE_COMPILATION_CONDITIONS = "DEBUG";}; name = Debug;};
  F72D4F08E84CA4C7F809A7CF = {isa = XCBuildConfiguration; buildSettings = {PRODUCT_NAME = "$(TARGET_NAME)"; PRODUCT_BUNDLE_IDENTIFIER = "app.midoku.desktop"; INFOPLIST_FILE = "Desktop/Midoku/Info.plist"; CODE_SIGN_ENTITLEMENTS = "Desktop/Midoku/Midoku.entitlements"; ENABLE_APP_SANDBOX = "YES"; ENABLE_HARDENED_RUNTIME = "YES"; ASSETCATALOG_COMPILER_APPICON_NAME = "AppIcon"; LD_RUNPATH_SEARCH_PATHS = "$(inherited) @executable_path/../Frameworks"; COMBINE_HIDPI_IMAGES = "YES"; SWIFT_OPTIMIZATION_LEVEL = "-O"; DEBUG_INFORMATION_FORMAT = "dwarf-with-dsym";}; name = Release;};
  4867F1BF372A84237FA0A5A7 = {isa = XCConfigurationList; buildConfigurations = (F8975E934DA2067E0E497395,F72D4F08E84CA4C7F809A7CF,); defaultConfigurationIsVisible = 0; defaultConfigurationName = Release;};
  C449802CFC00FE43A29E0F19 = {isa = XCBuildConfiguration; buildSettings = {PRODUCT_NAME = "$(TARGET_NAME)"; PRODUCT_BUNDLE_IDENTIFIER = "app.midoku.desktop.tests"; GENERATE_INFOPLIST_FILE = "YES"; TEST_HOST = "$(BUILT_PRODUCTS_DIR)/Midoku.app/Contents/MacOS/Midoku"; BUNDLE_LOADER = "$(TEST_HOST)"; LD_RUNPATH_SEARCH_PATHS = "$(inherited) @executable_path/../Frameworks @loader_path/../Frameworks"; SWIFT_OPTIMIZATION_LEVEL = "-Onone"; DEBUG_INFORMATION_FORMAT = "dwarf"; ENABLE_TESTABILITY = "YES"; SWIFT_ACTIVE_COMPILATION_CONDITIONS = "DEBUG";}; name = Debug;};
  C4D458CFDB61996E24F4F16F = {isa = XCBuildConfiguration; buildSettings = {PRODUCT_NAME = "$(TARGET_NAME)"; PRODUCT_BUNDLE_IDENTIFIER = "app.midoku.desktop.tests"; GENERATE_INFOPLIST_FILE = "YES"; TEST_HOST = "$(BUILT_PRODUCTS_DIR)/Midoku.app/Contents/MacOS/Midoku"; BUNDLE_LOADER = "$(TEST_HOST)"; LD_RUNPATH_SEARCH_PATHS = "$(inherited) @executable_path/../Frameworks @loader_path/../Frameworks"; SWIFT_OPTIMIZATION_LEVEL = "-O"; DEBUG_INFORMATION_FORMAT = "dwarf-with-dsym";}; name = Release;};
  19170B56EA5642A46C383F29 = {isa = XCConfigurationList; buildConfigurations = (C449802CFC00FE43A29E0F19,C4D458CFDB61996E24F4F16F,); defaultConfigurationIsVisible = 0; defaultConfigurationName = Release;};
  7E85D4A68785761E1DBB22D8 = {isa = PBXContainerItemProxy; containerPortal = 98F54143AB4E86B28C3AFEE0; proxyType = 1; remoteGlobalIDString = 7D1043473D55BFA90E8530D3; remoteInfo = Midoku;};
  BAE932EF166B50AB877FDC6F = {isa = PBXTargetDependency; target = 7D1043473D55BFA90E8530D3; targetProxy = 7E85D4A68785761E1DBB22D8;};
  7D1043473D55BFA90E8530D3 = {isa = PBXNativeTarget; buildConfigurationList = 4867F1BF372A84237FA0A5A7; buildPhases = (949D493B91791558E87BC5D7,BD92572B49AC16A86614498D,8ECC8B5D05B79F879ACDF1A2,); buildRules = (); dependencies = (); name = Midoku; packageProductDependencies = (8D6A224FA1D1DD751157EB0C,DA56CE796A5E3989DB4ED1F6,A576E069267FF1D0FF5D4400,); productName = Midoku; productReference = 2D29CDC8D20BBA26C3E9472C; productType = "com.apple.product-type.application";};
  A94A8FE5CCB19BA61C4C0873 = {isa = PBXNativeTarget; buildConfigurationList = 19170B56EA5642A46C383F29; buildPhases = (77A03FEE20FE96AD9384861E,E05DB79C430AA1B0BA487AFC,); buildRules = (); dependencies = (BAE932EF166B50AB877FDC6F,); name = MidokuTests; packageProductDependencies = (E16A97E482663D00B757F690,183CB23C9E02F3590AD4B7D5,6418DC3C3F25CA6B65BAD4C9,); productName = MidokuTests; productReference = 5D2F0CF079FA6D7BB23F7CA6; productType = "com.apple.product-type.bundle.unit-test";};
  98F54143AB4E86B28C3AFEE0 = {isa = PBXProject; attributes = {LastUpgradeCheck = 1600; BuildIndependentTargetsInParallel = YES; TargetAttributes = {7D1043473D55BFA90E8530D3 = {CreatedOnToolsVersion = 16.0;}; A94A8FE5CCB19BA61C4C0873 = {CreatedOnToolsVersion = 16.0; TestTargetID = 7D1043473D55BFA90E8530D3;};};}; buildConfigurationList = 640DC9EFD529235A8D9E2727; compatibilityVersion = "Xcode 15.0"; developmentRegion = en; hasScannedForEncodings = 0; knownRegions = (en,Base,"zh-Hans"); mainGroup = 870B3294C0CBD48AF6BBCC1B; packageReferences = (B747EAD6A8D7189EE159E1E4,CBE5109C474120094328808A,15B2CF2BFEA0478D8503F80C,); productRefGroup = FBDC4F23F93125BBEEAE800C; projectDirPath = ""; projectRoot = ""; targets = (7D1043473D55BFA90E8530D3,A94A8FE5CCB19BA61C4C0873,);};
 };
 rootObject = 98F54143AB4E86B28C3AFEE0;
}
